{
  "version": 4,
  "terraform_version": "1.11.1",
  "serial": 4,
  "lineage": "a44b6eed-6617-7dca-e9db-ef0f4bd0e75f",
  "outputs": {},
  "resources": [
    {
      "mode": "managed",
      "type": "traceable_rate_limiting",
      "name": "sample",
      "provider": "provider[\"registry.terraform.io/traceableai/traceable\"]",
      "instances": [
        {
          "schema_version": 0,
          "attributes": {
            "action": {
              "action_type": "ALERT",
              "duration": "PT60S",
              "event_severity": "LOW",
              "header_injections": null
            },
            "description": "revamp",
            "enabled": true,
            "environments": [
              "env1",
              "env2"
            ],
            "id": "01504918-aaf8-4b5f-8fc4-61d83d95cbf5",
            "name": "shreyanshrevamp12",
            "sources": {
              "attribute": [
                {
                  "key_condition_operator": "EQUALS",
                  "key_condition_value": "key",
                  "value_condition_operator": "EQUALS",
                  "value_condition_value": "value"
                }
              ],
              "email_domain": {
                "email_domain_regexes": [
                  "abc*.*gmail.com"
                ],
                "exclude": true
              },
              "endpoint_labels": null,
              "endpoints": null,
              "ip_abuse_velocity": "LOW",
              "ip_address": {
                "exclude": true,
                "ip_address_list": [
                  "192.168.1.1"
                ],
                "ip_address_type": null
              },
              "ip_asn": {
                "exclude": true,
                "ip_asn_regexes": [
                  "vmv"
                ]
              },
              "ip_connection_type": {
                "exclude": true,
                "ip_connection_type_list": [
                  "RESIDENTIAL",
                  "MOBILE"
                ]
              },
              "ip_location_type": {
                "exclude": true,
                "ip_location_types": [
                  "BOT"
                ]
              },
              "ip_organisation": {
                "exclude": true,
                "ip_organisation_regexes": [
                  "192.168.1.1"
                ]
              },
              "ip_reputation": "LOW",
              "regions": {
                "exclude": true,
                "regions_ids": [
                  "AF",
                  "AQ"
                ]
              },
              "request_response": [
                {
                  "key_operator": "EQUALS",
                  "key_value": "key",
                  "metadata_type": "REQUEST_HEADER",
                  "value": "value",
                  "value_operator": "EQUALS"
                },
                {
                  "key_operator": null,
                  "key_value": null,
                  "metadata_type": "URL",
                  "value": "https://example.com/abc",
                  "value_operator": "EQUALS"
                }
              ],
              "scanner": null,
              "user_agents": {
                "exclude": true,
                "user_agents_list": [
                  "chrome"
                ]
              },
              "user_id": {
                "exclude": true,
                "user_id_regexes": [
                  "192.168.1.1"
                ],
                "user_ids": null
              }
            },
            "threshold_configs": [
              {
                "api_aggregate_type": "PER_ENDPOINT",
                "dynamic_duration": null,
                "dynamic_mean_calculation_duration": null,
                "dynamic_percentage_exceding_mean_allowed": null,
                "rolling_window_count_allowed": 10,
                "rolling_window_duration": "PT60s",
                "threshold_config_type": "ROLLING_WINDOW",
                "user_aggregate_type": "PER_USER"
              },
              {
                "api_aggregate_type": null,
                "dynamic_duration": "PT60S",
                "dynamic_mean_calculation_duration": "PT60S",
                "dynamic_percentage_exceding_mean_allowed": 10,
                "rolling_window_count_allowed": null,
                "rolling_window_duration": null,
                "threshold_config_type": "DYNAMIC",
                "user_aggregate_type": null
              }
            ]
          },
          "sensitive_attributes": []
        }
      ]
    }
  ],
  "check_results": null
}
